
Microsoft Visual Studio Solution File, Format Version 12.00
# Visual Studio 14
VisualStudioVersion = 14.0.23107.0
MinimumVisualStudioVersion = 10.0.40219.1
Project("{FAE04EC0-301F-11D3-BF4B-00C04F79EFBC}") = "Jabu.Foursquare.SearchPlaces.Client", "Jabu.Foursquare.SearchPlaces.Client\Jabu.Foursquare.SearchPlaces.Client.csproj", "{E3CF64D7-82A0-4B47-AA6A-6F7DCF83E8F9}"
EndProject
Project("{FAE04EC0-301F-11D3-BF4B-00C04F79EFBC}") = "Jabu.Foursquare.SearchPlaces.Client.Tests", "Jabu.Foursquare.SearchPlaces.Client.Tests\Jabu.Foursquare.SearchPlaces.Client.Tests.csproj", "{27A8B308-49D9-4CEF-A4E5-A8985C7075C8}"
EndProject
Global
	GlobalSection(SolutionConfigurationPlatforms) = preSolution
		Debug|Any CPU = Debug|Any CPU
		Release|Any CPU = Release|Any CPU
	EndGlobalSection
	GlobalSection(ProjectConfigurationPlatforms) = postSolution
		{E3CF64D7-82A0-4B47-AA6A-6F7DCF83E8F9}.Debug|Any CPU.ActiveCfg = Debug|Any CPU
		{E3CF64D7-82A0-4B47-AA6A-6F7DCF83E8F9}.Debug|Any CPU.Build.0 = Debug|Any CPU
		{E3CF64D7-82A0-4B47-AA6A-6F7DCF83E8F9}.Release|Any CPU.ActiveCfg = Release|Any CPU
		{E3CF64D7-82A0-4B47-AA6A-6F7DCF83E8F9}.Release|Any CPU.Build.0 = Release|Any CPU
		{27A8B308-49D9-4CEF-A4E5-A8985C7075C8}.Debug|Any CPU.ActiveCfg = Debug|Any CPU
		{27A8B308-49D9-4CEF-A4E5-A8985C7075C8}.Debug|Any CPU.Build.0 = Debug|Any CPU
		{27A8B308-49D9-4CEF-A4E5-A8985C7075C8}.Release|Any CPU.ActiveCfg = Release|Any CPU
		{27A8B308-49D9-4CEF-A4E5-A8985C7075C8}.Release|Any CPU.Build.0 = Release|Any CPU
	EndGlobalSection
	GlobalSection(SolutionProperties) = preSolution
		HideSolutionNode = FALSE
	EndGlobalSection
EndGlobal
